
Microsoft Visual Studio Solution File, Format Version 12.00
# Visual Studio 15
VisualStudioVersion = 15.0.27428.2011
MinimumVisualStudioVersion = 10.0.40219.1
Project("{FAE04EC0-301F-11D3-BF4B-00C04F79EFBC}") = "WindowsFormsApp1", "WindowsFormsApp1\WindowsFormsApp1.csproj", "{DC50BFF7-853B-444B-BAC5-7E43B9D2E0F2}"
EndProject
Project("{FAE04EC0-301F-11D3-BF4B-00C04F79EFBC}") = "Taramon.Exceller", "..\..\..\Downloads\Exceller_src\Taramon.Exceller\Taramon.Exceller.csproj", "{64E62BF7-7B41-48D1-B4AB-5C25EC2CE237}"
EndProject
Global
	GlobalSection(SolutionConfigurationPlatforms) = preSolution
		Debug|Any CPU = Debug|Any CPU
		Release|Any CPU = Release|Any CPU
	EndGlobalSection
	GlobalSection(ProjectConfigurationPlatforms) = postSolution
		{DC50BFF7-853B-444B-BAC5-7E43B9D2E0F2}.Debug|Any CPU.ActiveCfg = Debug|Any CPU
		{DC50BFF7-853B-444B-BAC5-7E43B9D2E0F2}.Debug|Any CPU.Build.0 = Debug|Any CPU
		{DC50BFF7-853B-444B-BAC5-7E43B9D2E0F2}.Release|Any CPU.ActiveCfg = Release|Any CPU
		{DC50BFF7-853B-444B-BAC5-7E43B9D2E0F2}.Release|Any CPU.Build.0 = Release|Any CPU
		{64E62BF7-7B41-48D1-B4AB-5C25EC2CE237}.Debug|Any CPU.ActiveCfg = Debug|Any CPU
		{64E62BF7-7B41-48D1-B4AB-5C25EC2CE237}.Debug|Any CPU.Build.0 = Debug|Any CPU
		{64E62BF7-7B41-48D1-B4AB-5C25EC2CE237}.Release|Any CPU.ActiveCfg = Release|Any CPU
		{64E62BF7-7B41-48D1-B4AB-5C25EC2CE237}.Release|Any CPU.Build.0 = Release|Any CPU
	EndGlobalSection
	GlobalSection(SolutionProperties) = preSolution
		HideSolutionNode = FALSE
	EndGlobalSection
	GlobalSection(ExtensibilityGlobals) = postSolution
		SolutionGuid = {7435C38D-8B74-403D-9492-59FB056564F2}
	EndGlobalSection
EndGlobal
